
Microsoft Visual Studio Solution File, Format Version 12.00
# Visual Studio Version 17
VisualStudioVersion = 17.13.35913.81 d17.13
MinimumVisualStudioVersion = 10.0.40219.1
Project("{FAE04EC0-301F-11D3-BF4B-00C04F79EFBC}") = "exercicios6_10", "atividade9\exercicios6_10.csproj", "{46FD1098-B4A2-4E78-995F-5D843B66E516}"
EndProject
Global
	GlobalSection(SolutionConfigurationPlatforms) = preSolution
		Debug|Any CPU = Debug|Any CPU
		Release|Any CPU = Release|Any CPU
	EndGlobalSection
	GlobalSection(ProjectConfigurationPlatforms) = postSolution
		{46FD1098-B4A2-4E78-995F-5D843B66E516}.Debug|Any CPU.ActiveCfg = Debug|Any CPU
		{46FD1098-B4A2-4E78-995F-5D843B66E516}.Debug|Any CPU.Build.0 = Debug|Any CPU
		{46FD1098-B4A2-4E78-995F-5D843B66E516}.Release|Any CPU.ActiveCfg = Release|Any CPU
		{46FD1098-B4A2-4E78-995F-5D843B66E516}.Release|Any CPU.Build.0 = Release|Any CPU
	EndGlobalSection
	GlobalSection(SolutionProperties) = preSolution
		HideSolutionNode = FALSE
	EndGlobalSection
	GlobalSection(ExtensibilityGlobals) = postSolution
		SolutionGuid = {EA1D70FC-A742-4700-9BD4-761A9395A34B}
	EndGlobalSection
EndGlobal
